{
  "object": {
    "pins": [
      {
        "package": "CwlDemangle",
        "repositoryURL": "https://github.com/mattgallagher/CwlDemangle",
        "state": {
          "branch": null,
          "revision": "b268c08207d2990664605c49b2c71cbd0df3445b",
          "version": "0.1.0"
        }
      },
      {
        "package": "swift-argument-parser",
        "repositoryURL": "https://github.com/apple/swift-argument-parser",
        "state": {
          "branch": null,
          "revision": "223d62adc52d51669ae2ee19bdb8b7d9fd6fcd9c",
          "version": "0.0.6"
        }
      }
    ]
  },
  "version": 1
}
